
Microsoft Visual Studio Solution File, Format Version 12.00
# Visual Studio Version 17
VisualStudioVersion = 17.2.32526.322
MinimumVisualStudioVersion = 10.0.40219.1
Project("{FAE04EC0-301F-11D3-BF4B-00C04F79EFBC}") = "AreaTriangulo", "AreaTriangulo\AreaTriangulo.csproj", "{D17478FC-FA3E-4F07-9FD7-D7C1D71F2680}"
EndProject
Global
	GlobalSection(SolutionConfigurationPlatforms) = preSolution
		Debug|Any CPU = Debug|Any CPU
		Release|Any CPU = Release|Any CPU
	EndGlobalSection
	GlobalSection(ProjectConfigurationPlatforms) = postSolution
		{D17478FC-FA3E-4F07-9FD7-D7C1D71F2680}.Debug|Any CPU.ActiveCfg = Debug|Any CPU
		{D17478FC-FA3E-4F07-9FD7-D7C1D71F2680}.Debug|Any CPU.Build.0 = Debug|Any CPU
		{D17478FC-FA3E-4F07-9FD7-D7C1D71F2680}.Release|Any CPU.ActiveCfg = Release|Any CPU
		{D17478FC-FA3E-4F07-9FD7-D7C1D71F2680}.Release|Any CPU.Build.0 = Release|Any CPU
	EndGlobalSection
	GlobalSection(SolutionProperties) = preSolution
		HideSolutionNode = FALSE
	EndGlobalSection
	GlobalSection(ExtensibilityGlobals) = postSolution
		SolutionGuid = {9590CBE5-8D5D-4582-8A41-0AD3F299A40E}
	EndGlobalSection
EndGlobal
