
Microsoft Visual Studio Solution File, Format Version 12.00
# Visual Studio Version 17
VisualStudioVersion = 17.2.32526.322
MinimumVisualStudioVersion = 10.0.40219.1
Project("{FAE04EC0-301F-11D3-BF4B-00C04F79EFBC}") = "ParaMultiplosde3", "ParaMultiplos de 3\ParaMultiplosde3.csproj", "{10685210-7098-475B-8778-AD40889CD01E}"
EndProject
Global
	GlobalSection(SolutionConfigurationPlatforms) = preSolution
		Debug|Any CPU = Debug|Any CPU
		Release|Any CPU = Release|Any CPU
	EndGlobalSection
	GlobalSection(ProjectConfigurationPlatforms) = postSolution
		{10685210-7098-475B-8778-AD40889CD01E}.Debug|Any CPU.ActiveCfg = Debug|Any CPU
		{10685210-7098-475B-8778-AD40889CD01E}.Debug|Any CPU.Build.0 = Debug|Any CPU
		{10685210-7098-475B-8778-AD40889CD01E}.Release|Any CPU.ActiveCfg = Release|Any CPU
		{10685210-7098-475B-8778-AD40889CD01E}.Release|Any CPU.Build.0 = Release|Any CPU
	EndGlobalSection
	GlobalSection(SolutionProperties) = preSolution
		HideSolutionNode = FALSE
	EndGlobalSection
	GlobalSection(ExtensibilityGlobals) = postSolution
		SolutionGuid = {B9194F39-53BF-4D44-A8A1-BFBAE840DE71}
	EndGlobalSection
EndGlobal
