
Microsoft Visual Studio Solution File, Format Version 12.00
# Visual Studio Version 17
VisualStudioVersion = 17.2.32526.322
MinimumVisualStudioVersion = 10.0.40219.1
Project("{FAE04EC0-301F-11D3-BF4B-00C04F79EFBC}") = "MatrizDobro", "MatrizDobro\MatrizDobro.csproj", "{C564A5F0-DB53-4C1D-8D3E-B94F9E66B7A4}"
EndProject
Global
	GlobalSection(SolutionConfigurationPlatforms) = preSolution
		Debug|Any CPU = Debug|Any CPU
		Release|Any CPU = Release|Any CPU
	EndGlobalSection
	GlobalSection(ProjectConfigurationPlatforms) = postSolution
		{C564A5F0-DB53-4C1D-8D3E-B94F9E66B7A4}.Debug|Any CPU.ActiveCfg = Debug|Any CPU
		{C564A5F0-DB53-4C1D-8D3E-B94F9E66B7A4}.Debug|Any CPU.Build.0 = Debug|Any CPU
		{C564A5F0-DB53-4C1D-8D3E-B94F9E66B7A4}.Release|Any CPU.ActiveCfg = Release|Any CPU
		{C564A5F0-DB53-4C1D-8D3E-B94F9E66B7A4}.Release|Any CPU.Build.0 = Release|Any CPU
	EndGlobalSection
	GlobalSection(SolutionProperties) = preSolution
		HideSolutionNode = FALSE
	EndGlobalSection
	GlobalSection(ExtensibilityGlobals) = postSolution
		SolutionGuid = {AE6E55A3-CE60-4C86-BDA5-1118EC6C24E0}
	EndGlobalSection
EndGlobal
