
Microsoft Visual Studio Solution File, Format Version 12.00
# Visual Studio Version 17
VisualStudioVersion = 17.2.32505.173
MinimumVisualStudioVersion = 10.0.40219.1
Project("{9A19103F-16F7-4668-BE54-9A1E7A4F7556}") = "MediaNotas", "MediaNotas.csproj", "{45A6BABC-2BA8-425E-9368-2D81649C832E}"
EndProject
Global
	GlobalSection(SolutionConfigurationPlatforms) = preSolution
		Debug|Any CPU = Debug|Any CPU
		Release|Any CPU = Release|Any CPU
	EndGlobalSection
	GlobalSection(ProjectConfigurationPlatforms) = postSolution
		{45A6BABC-2BA8-425E-9368-2D81649C832E}.Debug|Any CPU.ActiveCfg = Debug|Any CPU
		{45A6BABC-2BA8-425E-9368-2D81649C832E}.Debug|Any CPU.Build.0 = Debug|Any CPU
		{45A6BABC-2BA8-425E-9368-2D81649C832E}.Release|Any CPU.ActiveCfg = Release|Any CPU
		{45A6BABC-2BA8-425E-9368-2D81649C832E}.Release|Any CPU.Build.0 = Release|Any CPU
	EndGlobalSection
	GlobalSection(SolutionProperties) = preSolution
		HideSolutionNode = FALSE
	EndGlobalSection
	GlobalSection(ExtensibilityGlobals) = postSolution
		SolutionGuid = {FADFD754-F627-4F60-84AC-088AACE91696}
	EndGlobalSection
EndGlobal
